
Microsoft Visual Studio Solution File, Format Version 12.00
# Visual Studio Version 17
VisualStudioVersion = 17.9.34616.47
MinimumVisualStudioVersion = 10.0.40219.1
Project("{FAE04EC0-301F-11D3-BF4B-00C04F79EFBC}") = "AuthService", "AuthService\AuthService.csproj", "{FE66AED4-AA9C-4A91-B90C-B49C7DB8B534}"
EndProject
Global
	GlobalSection(SolutionConfigurationPlatforms) = preSolution
		Debug|Any CPU = Debug|Any CPU
		Release|Any CPU = Release|Any CPU
	EndGlobalSection
	GlobalSection(ProjectConfigurationPlatforms) = postSolution
		{FE66AED4-AA9C-4A91-B90C-B49C7DB8B534}.Debug|Any CPU.ActiveCfg = Debug|Any CPU
		{FE66AED4-AA9C-4A91-B90C-B49C7DB8B534}.Debug|Any CPU.Build.0 = Debug|Any CPU
		{FE66AED4-AA9C-4A91-B90C-B49C7DB8B534}.Release|Any CPU.ActiveCfg = Release|Any CPU
		{FE66AED4-AA9C-4A91-B90C-B49C7DB8B534}.Release|Any CPU.Build.0 = Release|Any CPU
	EndGlobalSection
	GlobalSection(SolutionProperties) = preSolution
		HideSolutionNode = FALSE
	EndGlobalSection
	GlobalSection(ExtensibilityGlobals) = postSolution
		SolutionGuid = {08975541-0683-4490-AD36-95C48C13FCEF}
	EndGlobalSection
EndGlobal
